// !$*UTF8*$!
{
	archiveVersion = 1;
	classes = {
	};
	objectVersion = 46;
	objects = {

/* Begin PBXBuildFile section */
		F1FF25E51A83375600D1EA64 /* main.m in Sources */ = {isa = PBXBuildFile; fileRef = F1FF25E41A83375600D1EA64 /* main.m */; };
		F1FF25E81A83375600D1EA64 /* AppDelegate.m in Sources */ = {isa = PBXBuildFile; fileRef = F1FF25E71A83375600D1EA64 /* AppDelegate.m */; };
		F1FF25EE1A83375600D1EA64 /* Main.storyboard in Resources */ = {isa = PBXBuildFile; fileRef = F1FF25EC1A83375600D1EA64 /* Main.storyboard */; };
		F1FF25F01A83375600D1EA64 /* Images.xcassets in Resources */ = {isa = PBXBuildFile; fileRef = F1FF25EF1A83375600D1EA64 /* Images.xcassets */; };
		F1FF25F31A83375600D1EA64 /* LaunchScreen.xib in Resources */ = {isa = PBXBuildFile; fileRef = F1FF25F11A83375600D1EA64 /* LaunchScreen.xib */; };
		F1FF25FF1A83375600D1EA64 /* Taller_20150127Tests.m in Sources */ = {isa = PBXBuildFile; fileRef = F1FF25FE1A83375600D1EA64 /* Taller_20150127Tests.m */; };
		F1FF260A1A8337B900D1EA64 /* CountriesTVC.m in Sources */ = {isa = PBXBuildFile; fileRef = F1FF26091A8337B900D1EA64 /* CountriesTVC.m */; };
		F1FF260D1A83383300D1EA64 /* Country.m in Sources */ = {isa = PBXBuildFile; fileRef = F1FF260C1A83383300D1EA64 /* Country.m */; };
		F1FF26121A833DCA00D1EA64 /* LoginVC.m in Sources */ = {isa = PBXBuildFile; fileRef = F1FF26111A833DCA00D1EA64 /* LoginVC.m */; };
/* End PBXBuildFile section */

/* Begin PBXContainerItemProxy section */
		F1FF25F91A83375600D1EA64 /* PBXContainerItemProxy */ = {
			isa = PBXContainerItemProxy;
			containerPortal = F1FF25D71A83375600D1EA64 /* Project object */;
			proxyType = 1;
			remoteGlobalIDString = F1FF25DE1A83375600D1EA64;
			remoteInfo = "Taller 20150127";
		};
/* End PBXContainerItemProxy section */

/* Begin PBXFileReference section */
		F1FF25DF1A83375600D1EA64 /* Taller 20150127.app */ = {isa = PBXFileReference; explicitFileType = wrapper.application; includeInIndex = 0; path = "Taller 20150127.app"; sourceTree = BUILT_PRODUCTS_DIR; };
		F1FF25E31A83375600D1EA64 /* Info.plist */ = {isa = PBXFileReference; lastKnownFileType = text.plist.xml; path = Info.plist; sourceTree = "<group>"; };
		F1FF25E41A83375600D1EA64 /* main.m */ = {isa = PBXFileReference; lastKnownFileType = sourcecode.c.objc; path = main.m; sourceTree = "<group>"; };
		F1FF25E61A83375600D1EA64 /* AppDelegate.h */ = {isa = PBXFileReference; lastKnownFileType = sourcecode.c.h; path = AppDelegate.h; sourceTree = "<group>"; };
		F1FF25E71A83375600D1EA64 /* AppDelegate.m */ = {isa = PBXFileReference; lastKnownFileType = sourcecode.c.objc; path = AppDelegate.m; sourceTree = "<group>"; };
		F1FF25ED1A83375600D1EA64 /* Base */ = {isa = PBXFileReference; lastKnownFileType = file.storyboard; name = Base; path = Base.lproj/Main.storyboard; sourceTree = "<group>"; };
		F1FF25EF1A83375600D1EA64 /* Images.xcassets */ = {isa = PBXFileReference; lastKnownFileType = folder.assetcatalog; path = Images.xcassets; sourceTree = "<group>"; };
		F1FF25F21A83375600D1EA64 /* Base */ = {isa = PBXFileReference; lastKnownFileType = file.xib; name = Base; path = Base.lproj/LaunchScreen.xib; sourceTree = "<group>"; };
		F1FF25F81A83375600D1EA64 /* Taller 20150127Tests.xctest */ = {isa = PBXFileReference; explicitFileType = wrapper.cfbundle; includeInIndex = 0; path = "Taller 20150127Tests.xctest"; sourceTree = BUILT_PRODUCTS_DIR; };
		F1FF25FD1A83375600D1EA64 /* Info.plist */ = {isa = PBXFileReference; lastKnownFileType = text.plist.xml; path = Info.plist; sourceTree = "<group>"; };
		F1FF25FE1A83375600D1EA64 /* Taller_20150127Tests.m */ = {isa = PBXFileReference; lastKnownFileType = sourcecode.c.objc; path = Taller_20150127Tests.m; sourceTree = "<group>"; };
		F1FF26081A8337B900D1EA64 /* CountriesTVC.h */ = {isa = PBXFileReference; fileEncoding = 4; lastKnownFileType = sourcecode.c.h; path = CountriesTVC.h; sourceTree = "<group>"; };
		F1FF26091A8337B900D1EA64 /* CountriesTVC.m */ = {isa = PBXFileReference; fileEncoding = 4; lastKnownFileType = sourcecode.c.objc; path = CountriesTVC.m; sourceTree = "<group>"; };
		F1FF260B1A83383300D1EA64 /* Country.h */ = {isa = PBXFileReference; fileEncoding = 4; lastKnownFileType = sourcecode.c.h; path = Country.h; sourceTree = "<group>"; };
		F1FF260C1A83383300D1EA64 /* Country.m */ = {isa = PBXFileReference; fileEncoding = 4; lastKnownFileType = sourcecode.c.objc; path = Country.m; sourceTree = "<group>"; };
		F1FF26101A833DCA00D1EA64 /* LoginVC.h */ = {isa = PBXFileReference; fileEncoding = 4; lastKnownFileType = sourcecode.c.h; path = LoginVC.h; sourceTree = "<group>"; };
		F1FF26111A833DCA00D1EA64 /* LoginVC.m */ = {isa = PBXFileReference; fileEncoding = 4; lastKnownFileType = sourcecode.c.objc; path = LoginVC.m; sourceTree = "<group>"; };
/* End PBXFileReference section */

/* Begin PBXFrameworksBuildPhase section */
		F1FF25DC1A83375600D1EA64 /* Frameworks */ = {
			isa = PBXFrameworksBuildPhase;
			buildActionMask = 2147483647;
			files = (
			);
			runOnlyForDeploymentPostprocessing = 0;
		};
		F1FF25F51A83375600D1EA64 /* Frameworks */ = {
			isa = PBXFrameworksBuildPhase;
			buildActionMask = 2147483647;
			files = (
			);
			runOnlyForDeploymentPostprocessing = 0;
		};
/* End PBXFrameworksBuildPhase section */

/* Begin PBXGroup section */
		F1FF25D61A83375600D1EA64 = {
			isa = PBXGroup;
			children = (
				F1FF25E11A83375600D1EA64 /* Taller 20150127 */,
				F1FF25FB1A83375600D1EA64 /* Taller 20150127Tests */,
				F1FF25E01A83375600D1EA64 /* Products */,
			);
			sourceTree = "<group>";
		};
		F1FF25E01A83375600D1EA64 /* Products */ = {
			isa = PBXGroup;
			children = (
				F1FF25DF1A83375600D1EA64 /* Taller 20150127.app */,
				F1FF25F81A83375600D1EA64 /* Taller 20150127Tests.xctest */,
			);
			name = Products;
			sourceTree = "<group>";
		};
		F1FF25E11A83375600D1EA64 /* Taller 20150127 */ = {
			isa = PBXGroup;
			children = (
				F1FF260F1A83385500D1EA64 /* Controller */,
				F1FF260E1A83384F00D1EA64 /* Model */,
				F1FF25EC1A83375600D1EA64 /* Main.storyboard */,
				F1FF25EF1A83375600D1EA64 /* Images.xcassets */,
				F1FF25F11A83375600D1EA64 /* LaunchScreen.xib */,
				F1FF25E21A83375600D1EA64 /* Supporting Files */,
			);
			path = "Taller 20150127";
			sourceTree = "<group>";
		};
		F1FF25E21A83375600D1EA64 /* Supporting Files */ = {
			isa = PBXGroup;
			children = (
				F1FF25E61A83375600D1EA64 /* AppDelegate.h */,
				F1FF25E71A83375600D1EA64 /* AppDelegate.m */,
				F1FF25E31A83375600D1EA64 /* Info.plist */,
				F1FF25E41A83375600D1EA64 /* main.m */,
			);
			name = "Supporting Files";
			sourceTree = "<group>";
		};
		F1FF25FB1A83375600D1EA64 /* Taller 20150127Tests */ = {
			isa = PBXGroup;
			children = (
				F1FF25FE1A83375600D1EA64 /* Taller_20150127Tests.m */,
				F1FF25FC1A83375600D1EA64 /* Supporting Files */,
			);
			path = "Taller 20150127Tests";
			sourceTree = "<group>";
		};
		F1FF25FC1A83375600D1EA64 /* Supporting Files */ = {
			isa = PBXGroup;
			children = (
				F1FF25FD1A83375600D1EA64 /* Info.plist */,
			);
			name = "Supporting Files";
			sourceTree = "<group>";
		};
		F1FF260E1A83384F00D1EA64 /* Model */ = {
			isa = PBXGroup;
			children = (
				F1FF260B1A83383300D1EA64 /* Country.h */,
				F1FF260C1A83383300D1EA64 /* Country.m */,
			);
			name = Model;
			sourceTree = "<group>";
		};
		F1FF260F1A83385500D1EA64 /* Controller */ = {
			isa = PBXGroup;
			children = (
				F1FF26101A833DCA00D1EA64 /* LoginVC.h */,
				F1FF26111A833DCA00D1EA64 /* LoginVC.m */,
				F1FF26081A8337B900D1EA64 /* CountriesTVC.h */,
				F1FF26091A8337B900D1EA64 /* CountriesTVC.m */,
			);
			name = Controller;
			sourceTree = "<group>";
		};
/* End PBXGroup section */

/* Begin PBXNativeTarget section */
		F1FF25DE1A83375600D1EA64 /* Taller 20150127 */ = {
			isa = PBXNativeTarget;
			buildConfigurationList = F1FF26021A83375600D1EA64 /* Build configuration list for PBXNativeTarget "Taller 20150127" */;
			buildPhases = (
				F1FF25DB1A83375600D1EA64 /* Sources */,
				F1FF25DC1A83375600D1EA64 /* Frameworks */,
				F1FF25DD1A83375600D1EA64 /* Resources */,
			);
			buildRules = (
			);
			dependencies = (
			);
			name = "Taller 20150127";
			productName = "Taller 20150127";
			productReference = F1FF25DF1A83375600D1EA64 /* Taller 20150127.app */;
			productType = "com.apple.product-type.application";
		};
		F1FF25F71A83375600D1EA64 /* Taller 20150127Tests */ = {
			isa = PBXNativeTarget;
			buildConfigurationList = F1FF26051A83375600D1EA64 /* Build configuration list for PBXNativeTarget "Taller 20150127Tests" */;
			buildPhases = (
				F1FF25F41A83375600D1EA64 /* Sources */,
				F1FF25F51A83375600D1EA64 /* Frameworks */,
				F1FF25F61A83375600D1EA64 /* Resources */,
			);
			buildRules = (
			);
			dependencies = (
				F1FF25FA1A83375600D1EA64 /* PBXTargetDependency */,
			);
			name = "Taller 20150127Tests";
			productName = "Taller 20150127Tests";
			productReference = F1FF25F81A83375600D1EA64 /* Taller 20150127Tests.xctest */;
			productType = "com.apple.product-type.bundle.unit-test";
		};
/* End PBXNativeTarget section */

/* Begin PBXProject section */
		F1FF25D71A83375600D1EA64 /* Project object */ = {
			isa = PBXProject;
			attributes = {
				LastUpgradeCheck = 0610;
				ORGANIZATIONNAME = MundoMac;
				TargetAttributes = {
					F1FF25DE1A83375600D1EA64 = {
						CreatedOnToolsVersion = 6.1.1;
					};
					F1FF25F71A83375600D1EA64 = {
						CreatedOnToolsVersion = 6.1.1;
						TestTargetID = F1FF25DE1A83375600D1EA64;
					};
				};
			};
			buildConfigurationList = F1FF25DA1A83375600D1EA64 /* Build configuration list for PBXProject "Taller 20150127" */;
			compatibilityVersion = "Xcode 3.2";
			developmentRegion = English;
			hasScannedForEncodings = 0;
			knownRegions = (
				en,
				Base,
			);
			mainGroup = F1FF25D61A83375600D1EA64;
			productRefGroup = F1FF25E01A83375600D1EA64 /* Products */;
			projectDirPath = "";
			projectRoot = "";
			targets = (
				F1FF25DE1A83375600D1EA64 /* Taller 20150127 */,
				F1FF25F71A83375600D1EA64 /* Taller 20150127Tests */,
			);
		};
/* End PBXProject section */

/* Begin PBXResourcesBuildPhase section */
		F1FF25DD1A83375600D1EA64 /* Resources */ = {
			isa = PBXResourcesBuildPhase;
			buildActionMask = 2147483647;
			files = (
				F1FF25EE1A83375600D1EA64 /* Main.storyboard in Resources */,
				F1FF25F31A83375600D1EA64 /* LaunchScreen.xib in Resources */,
				F1FF25F01A83375600D1EA64 /* Images.xcassets in Resources */,
			);
			runOnlyForDeploymentPostprocessing = 0;
		};
		F1FF25F61A83375600D1EA64 /* Resources */ = {
			isa = PBXResourcesBuildPhase;
			buildActionMask = 2147483647;
			files = (
			);
			runOnlyForDeploymentPostprocessing = 0;
		};
/* End PBXResourcesBuildPhase section */

/* Begin PBXSourcesBuildPhase section */
		F1FF25DB1A83375600D1EA64 /* Sources */ = {
			isa = PBXSourcesBuildPhase;
			buildActionMask = 2147483647;
			files = (
				F1FF25E81A83375600D1EA64 /* AppDelegate.m in Sources */,
				F1FF260A1A8337B900D1EA64 /* CountriesTVC.m in Sources */,
				F1FF26121A833DCA00D1EA64 /* LoginVC.m in Sources */,
				F1FF25E51A83375600D1EA64 /* main.m in Sources */,
				F1FF260D1A83383300D1EA64 /* Country.m in Sources */,
			);
			runOnlyForDeploymentPostprocessing = 0;
		};
		F1FF25F41A83375600D1EA64 /* Sources */ = {
			isa = PBXSourcesBuildPhase;
			buildActionMask = 2147483647;
			files = (
				F1FF25FF1A83375600D1EA64 /* Taller_20150127Tests.m in Sources */,
			);
			runOnlyForDeploymentPostprocessing = 0;
		};
/* End PBXSourcesBuildPhase section */

/* Begin PBXTargetDependency section */
		F1FF25FA1A83375600D1EA64 /* PBXTargetDependency */ = {
			isa = PBXTargetDependency;
			target = F1FF25DE1A83375600D1EA64 /* Taller 20150127 */;
			targetProxy = F1FF25F91A83375600D1EA64 /* PBXContainerItemProxy */;
		};
/* End PBXTargetDependency section */

/* Begin PBXVariantGroup section */
		F1FF25EC1A83375600D1EA64 /* Main.storyboard */ = {
			isa = PBXVariantGroup;
			children = (
				F1FF25ED1A83375600D1EA64 /* Base */,
			);
			name = Main.storyboard;
			sourceTree = "<group>";
		};
		F1FF25F11A83375600D1EA64 /* LaunchScreen.xib */ = {
			isa = PBXVariantGroup;
			children = (
				F1FF25F21A83375600D1EA64 /* Base */,
			);
			name = LaunchScreen.xib;
			sourceTree = "<group>";
		};
/* End PBXVariantGroup section */

/* Begin XCBuildConfiguration section */
		F1FF26001A83375600D1EA64 /* Debug */ = {
			isa = XCBuildConfiguration;
			buildSettings = {
				ALWAYS_SEARCH_USER_PATHS = NO;
				CLANG_CXX_LANGUAGE_STANDARD = "gnu++0x";
				CLANG_CXX_LIBRARY = "libc++";
				CLANG_ENABLE_MODULES = YES;
				CLANG_ENABLE_OBJC_ARC = YES;
				CLANG_WARN_BOOL_CONVERSION = YES;
				CLANG_WARN_CONSTANT_CONVERSION = YES;
				CLANG_WARN_DIRECT_OBJC_ISA_USAGE = YES_ERROR;
				CLANG_WARN_EMPTY_BODY = YES;
				CLANG_WARN_ENUM_CONVERSION = YES;
				CLANG_WARN_INT_CONVERSION = YES;
				CLANG_WARN_OBJC_ROOT_CLASS = YES_ERROR;
				CLANG_WARN_UNREACHABLE_CODE = YES;
				CLANG_WARN__DUPLICATE_METHOD_MATCH = YES;
				"CODE_SIGN_IDENTITY[sdk=iphoneos*]" = "iPhone Developer";
				COPY_PHASE_STRIP = NO;
				ENABLE_STRICT_OBJC_MSGSEND = YES;
				GCC_C_LANGUAGE_STANDARD = gnu99;
				GCC_DYNAMIC_NO_PIC = NO;
				GCC_OPTIMIZATION_LEVEL = 0;
				GCC_PREPROCESSOR_DEFINITIONS = (
					"DEBUG=1",
					"$(inherited)",
				);
				GCC_SYMBOLS_PRIVATE_EXTERN = NO;
				GCC_WARN_64_TO_32_BIT_CONVERSION = YES;
				GCC_WARN_ABOUT_RETURN_TYPE = YES_ERROR;
				GCC_WARN_UNDECLARED_SELECTOR = YES;
				GCC_WARN_UNINITIALIZED_AUTOS = YES_AGGRESSIVE;
				GCC_WARN_UNUSED_FUNCTION = YES;
				GCC_WARN_UNUSED_VARIABLE = YES;
				IPHONEOS_DEPLOYMENT_TARGET = 8.1;
				MTL_ENABLE_DEBUG_INFO = YES;
				ONLY_ACTIVE_ARCH = YES;
				SDKROOT = iphoneos;
			};
			name = Debug;
		};
		F1FF26011A83375600D1EA64 /* Release */ = {
			isa = XCBuildConfiguration;
			buildSettings = {
				ALWAYS_SEARCH_USER_PATHS = NO;
				CLANG_CXX_LANGUAGE_STANDARD = "gnu++0x";
				CLANG_CXX_LIBRARY = "libc++";
				CLANG_ENABLE_MODULES = YES;
				CLANG_ENABLE_OBJC_ARC = YES;
				CLANG_WARN_BOOL_CONVERSION = YES;
				CLANG_WARN_CONSTANT_CONVERSION = YES;
				CLANG_WARN_DIRECT_OBJC_ISA_USAGE = YES_ERROR;
				CLANG_WARN_EMPTY_BODY = YES;
				CLANG_WARN_ENUM_CONVERSION = YES;
				CLANG_WARN_INT_CONVERSION = YES;
				CLANG_WARN_OBJC_ROOT_CLASS = YES_ERROR;
				CLANG_WARN_UNREACHABLE_CODE = YES;
				CLANG_WARN__DUPLICATE_METHOD_MATCH = YES;
				"CODE_SIGN_IDENTITY[sdk=iphoneos*]" = "iPhone Developer";
				COPY_PHASE_STRIP = YES;
				ENABLE_NS_ASSERTIONS = NO;
				ENABLE_STRICT_OBJC_MSGSEND = YES;
				GCC_C_LANGUAGE_STANDARD = gnu99;
				GCC_WARN_64_TO_32_BIT_CONVERSION = YES;
				GCC_WARN_ABOUT_RETURN_TYPE = YES_ERROR;
				GCC_WARN_UNDECLARED_SELECTOR = YES;
				GCC_WARN_UNINITIALIZED_AUTOS = YES_AGGRESSIVE;
				GCC_WARN_UNUSED_FUNCTION = YES;
				GCC_WARN_UNUSED_VARIABLE = YES;
				IPHONEOS_DEPLOYMENT_TARGET = 8.1;
				MTL_ENABLE_DEBUG_INFO = NO;
				SDKROOT = iphoneos;
				VALIDATE_PRODUCT = YES;
			};
			name = Release;
		};
		F1FF26031A83375600D1EA64 /* Debug */ = {
			isa = XCBuildConfiguration;
			buildSettings = {
				ASSETCATALOG_COMPILER_APPICON_NAME = AppIcon;
				INFOPLIST_FILE = "Taller 20150127/Info.plist";
				LD_RUNPATH_SEARCH_PATHS = "$(inherited) @executable_path/Frameworks";
				PRODUCT_NAME = "$(TARGET_NAME)";
			};
			name = Debug;
		};
		F1FF26041A83375600D1EA64 /* Release */ = {
			isa = XCBuildConfiguration;
			buildSettings = {
				ASSETCATALOG_COMPILER_APPICON_NAME = AppIcon;
				INFOPLIST_FILE = "Taller 20150127/Info.plist";
				LD_RUNPATH_SEARCH_PATHS = "$(inherited) @executable_path/Frameworks";
				PRODUCT_NAME = "$(TARGET_NAME)";
			};
			name = Release;
		};
		F1FF26061A83375600D1EA64 /* Debug */ = {
			isa = XCBuildConfiguration;
			buildSettings = {
				BUNDLE_LOADER = "$(TEST_HOST)";
				FRAMEWORK_SEARCH_PATHS = (
					"$(SDKROOT)/Developer/Library/Frameworks",
					"$(inherited)",
				);
				GCC_PREPROCESSOR_DEFINITIONS = (
					"DEBUG=1",
					"$(inherited)",
				);
				INFOPLIST_FILE = "Taller 20150127Tests/Info.plist";
				LD_RUNPATH_SEARCH_PATHS = "$(inherited) @executable_path/Frameworks @loader_path/Frameworks";
				PRODUCT_NAME = "$(TARGET_NAME)";
				TEST_HOST = "$(BUILT_PRODUCTS_DIR)/Taller 20150127.app/Taller 20150127";
			};
			name = Debug;
		};
		F1FF26071A83375600D1EA64 /* Release */ = {
			isa = XCBuildConfiguration;
			buildSettings = {
				BUNDLE_LOADER = "$(TEST_HOST)";
				FRAMEWORK_SEARCH_PATHS = (
					"$(SDKROOT)/Developer/Library/Frameworks",
					"$(inherited)",
				);
				INFOPLIST_FILE = "Taller 20150127Tests/Info.plist";
				LD_RUNPATH_SEARCH_PATHS = "$(inherited) @executable_path/Frameworks @loader_path/Frameworks";
				PRODUCT_NAME = "$(TARGET_NAME)";
				TEST_HOST = "$(BUILT_PRODUCTS_DIR)/Taller 20150127.app/Taller 20150127";
			};
			name = Release;
		};
/* End XCBuildConfiguration section */

/* Begin XCConfigurationList section */
		F1FF25DA1A83375600D1EA64 /* Build configuration list for PBXProject "Taller 20150127" */ = {
			isa = XCConfigurationList;
			buildConfigurations = (
				F1FF26001A83375600D1EA64 /* Debug */,
				F1FF26011A83375600D1EA64 /* Release */,
			);
			defaultConfigurationIsVisible = 0;
			defaultConfigurationName = Release;
		};
		F1FF26021A83375600D1EA64 /* Build configuration list for PBXNativeTarget "Taller 20150127" */ = {
			isa = XCConfigurationList;
			buildConfigurations = (
				F1FF26031A83375600D1EA64 /* Debug */,
				F1FF26041A83375600D1EA64 /* Release */,
			);
			defaultConfigurationIsVisible = 0;
		};
		F1FF26051A83375600D1EA64 /* Build configuration list for PBXNativeTarget "Taller 20150127Tests" */ = {
			isa = XCConfigurationList;
			buildConfigurations = (
				F1FF26061A83375600D1EA64 /* Debug */,
				F1FF26071A83375600D1EA64 /* Release */,
			);
			defaultConfigurationIsVisible = 0;
		};
/* End XCConfigurationList section */
	};
	rootObject = F1FF25D71A83375600D1EA64 /* Project object */;
}
